PODS:
  - Flutter (1.0.0)
  - flutter_twitter_login (0.0.1):
    - Flutter
    - TwitterCore
    - TwitterKit
  - TwitterCore (3.2.0)
  - TwitterKit (3.4.2):
    - TwitterCore (>= 3.2.0)

DEPENDENCIES:
  - Flutter (from `.symlinks/flutter/ios`)
  - flutter_twitter_login (from `.symlinks/plugins/flutter_twitter_login/ios`)

SPEC REPOS:
  https://github.com/cocoapods/specs.git:
    - TwitterCore
    - TwitterKit

EXTERNAL SOURCES:
  Flutter:
    :path: ".symlinks/flutter/ios"
  flutter_twitter_login:
    :path: ".symlinks/plugins/flutter_twitter_login/ios"

SPEC CHECKSUMS:
  Flutter: 0e3d915762c693b495b44d77113d4970485de6ec
  flutter_twitter_login: 35c902ebcb3d335ff290f308aed4893b4cb82c32
  TwitterCore: 8cbc9ad34d91c63a0035ea05bfbfc0d7ca72a28c
  TwitterKit: 5e4f41d70b9abdb41df5467f52d7aa2c0fd26ebb

PODFILE CHECKSUM: b56dc5a17bea7a00ddfd7f2287f4a52c088779c4

COCOAPODS: 1.7.2
